
Microsoft Visual Studio Solution File, Format Version 12.00
# Visual Studio Version 16
VisualStudioVersion = 16.0.32802.440
MinimumVisualStudioVersion = 10.0.40219.1
Project("{FAE04EC0-301F-11D3-BF4B-00C04F79EFBC}") = "DSDA-Launcher", "DSDA-Launcher\DSDA-Launcher.csproj", "{BB0CF428-15B9-4703-921B-4E9DAB177D67}"
EndProject
Global
	GlobalSection(SolutionConfigurationPlatforms) = preSolution
		Debug|Any CPU = Debug|Any CPU
		Release|Any CPU = Release|Any CPU
	EndGlobalSection
	GlobalSection(ProjectConfigurationPlatforms) = postSolution
		{BB0CF428-15B9-4703-921B-4E9DAB177D67}.Debug|Any CPU.ActiveCfg = Debug|Any CPU
		{BB0CF428-15B9-4703-921B-4E9DAB177D67}.Debug|Any CPU.Build.0 = Debug|Any CPU
		{BB0CF428-15B9-4703-921B-4E9DAB177D67}.Release|Any CPU.ActiveCfg = Release|Any CPU
		{BB0CF428-15B9-4703-921B-4E9DAB177D67}.Release|Any CPU.Build.0 = Release|Any CPU
	EndGlobalSection
	GlobalSection(SolutionProperties) = preSolution
		HideSolutionNode = FALSE
	EndGlobalSection
	GlobalSection(ExtensibilityGlobals) = postSolution
		SolutionGuid = {3DA30A27-6479-4273-9CB8-B6FA367312E6}
	EndGlobalSection
EndGlobal
